{
    "name": "command-palette",
    "version": "0.0.4",
    "lockfileVersion": 1,
    "requires": true,
    "dependencies": {
        "json-comments": {
            "version": "0.2.1",
            "resolved": "https://registry.npmmirror.com/json-comments/-/json-comments-0.2.1.tgz",
            "integrity": "sha512-EMZly7bozXdoXk7bWnDIiOOUPZHRra88AtZmwwnzHiDuESW3M3oCtOn2Wycj3vNdZunRcVvluskdGfHVffpeCA=="
        }
    }
}
